
Microsoft Visual Studio Solution File, Format Version 12.00
# Visual Studio Version 16
VisualStudioVersion = 16.0.31105.61
MinimumVisualStudioVersion = 10.0.40219.1
Project("{8BC9CEB8-8B4A-11D0-8D11-00A0C91BC942}") = "ToyRobot", "ToyRobot\ToyRobot.vcxproj", "{322BB625-B819-4970-80A5-7DCD41D52728}"
EndProject
Global
	GlobalSection(SolutionConfigurationPlatforms) = preSolution
		Debug|x64 = Debug|x64
		Debug|x86 = Debug|x86
		Release|x64 = Release|x64
		Release|x86 = Release|x86
	EndGlobalSection
	GlobalSection(ProjectConfigurationPlatforms) = postSolution
		{322BB625-B819-4970-80A5-7DCD41D52728}.Debug|x64.ActiveCfg = Debug|x64
		{322BB625-B819-4970-80A5-7DCD41D52728}.Debug|x64.Build.0 = Debug|x64
		{322BB625-B819-4970-80A5-7DCD41D52728}.Debug|x86.ActiveCfg = Debug|Win32
		{322BB625-B819-4970-80A5-7DCD41D52728}.Debug|x86.Build.0 = Debug|Win32
		{322BB625-B819-4970-80A5-7DCD41D52728}.Release|x64.ActiveCfg = Release|x64
		{322BB625-B819-4970-80A5-7DCD41D52728}.Release|x64.Build.0 = Release|x64
		{322BB625-B819-4970-80A5-7DCD41D52728}.Release|x86.ActiveCfg = Release|Win32
		{322BB625-B819-4970-80A5-7DCD41D52728}.Release|x86.Build.0 = Release|Win32
	EndGlobalSection
	GlobalSection(SolutionProperties) = preSolution
		HideSolutionNode = FALSE
	EndGlobalSection
	GlobalSection(ExtensibilityGlobals) = postSolution
		SolutionGuid = {686B9CA7-F399-4068-B2F7-99E019F61415}
	EndGlobalSection
EndGlobal
